
Microsoft Visual Studio Solution File, Format Version 12.00
# Visual Studio 14
VisualStudioVersion = 14.0.25420.1
MinimumVisualStudioVersion = 10.0.40219.1
Project("{FAE04EC0-301F-11D3-BF4B-00C04F79EFBC}") = "NavigationSample", "NavigationSample\NavigationSample\NavigationSample.csproj", "{1B65C68A-2414-4911-8B88-1F1D5E32B266}"
EndProject
Project("{FAE04EC0-301F-11D3-BF4B-00C04F79EFBC}") = "NavigationSample.Droid", "NavigationSample\NavigationSample.Droid\NavigationSample.Droid.csproj", "{C8BE8212-EABA-4323-A223-706660F7DE7B}"
EndProject
Project("{FAE04EC0-301F-11D3-BF4B-00C04F79EFBC}") = "NavigationSample.iOS", "NavigationSample\NavigationSample.iOS\NavigationSample.iOS.csproj", "{6A2A9282-F7C2-4EE9-83D9-8F873C0E0ACD}"
EndProject
Project("{FAE04EC0-301F-11D3-BF4B-00C04F79EFBC}") = "NavigationSample.WinPhone", "NavigationSample\NavigationSample.WinPhone\NavigationSample.WinPhone.csproj", "{CB00C330-0175-49C9-88A0-5A2E5B26C90B}"
EndProject
Project("{FAE04EC0-301F-11D3-BF4B-00C04F79EFBC}") = "NavigationSample.UWP", "NavigationSample\NavigationSample.UWP\NavigationSample.UWP.csproj", "{933E5225-36DF-4EF7-8E77-511F043E3A8E}"
EndProject
Project("{FAE04EC0-301F-11D3-BF4B-00C04F79EFBC}") = "NavigationSample.Windows", "NavigationSample\NavigationSample.Windows\NavigationSample.Windows.csproj", "{6497A5B8-A696-41F2-AE46-A67AB2DB1561}"
EndProject
Global
	GlobalSection(SolutionConfigurationPlatforms) = preSolution
		Ad-Hoc|Any CPU = Ad-Hoc|Any CPU
		Ad-Hoc|ARM = Ad-Hoc|ARM
		Ad-Hoc|iPhone = Ad-Hoc|iPhone
		Ad-Hoc|iPhoneSimulator = Ad-Hoc|iPhoneSimulator
		Ad-Hoc|x64 = Ad-Hoc|x64
		Ad-Hoc|x86 = Ad-Hoc|x86
		AppStore|Any CPU = AppStore|Any CPU
		AppStore|ARM = AppStore|ARM
		AppStore|iPhone = AppStore|iPhone
		AppStore|iPhoneSimulator = AppStore|iPhoneSimulator
		AppStore|x64 = AppStore|x64
		AppStore|x86 = AppStore|x86
		Debug|Any CPU = Debug|Any CPU
		Debug|ARM = Debug|ARM
		Debug|iPhone = Debug|iPhone
		Debug|iPhoneSimulator = Debug|iPhoneSimulator
		Debug|x64 = Debug|x64
		Debug|x86 = Debug|x86
		Release|Any CPU = Release|Any CPU
		Release|ARM = Release|ARM
		Release|iPhone = Release|iPhone
		Release|iPhoneSimulator = Release|iPhoneSimulator
		Release|x64 = Release|x64
		Release|x86 = Release|x86
	EndGlobalSection
	GlobalSection(ProjectConfigurationPlatforms) = postSolution
		{1B65C68A-2414-4911-8B88-1F1D5E32B266}.Ad-Hoc|Any CPU.ActiveCfg = Release|Any CPU
		{1B65C68A-2414-4911-8B88-1F1D5E32B266}.Ad-Hoc|Any CPU.Build.0 = Release|Any CPU
		{1B65C68A-2414-4911-8B88-1F1D5E32B266}.Ad-Hoc|ARM.ActiveCfg = Release|Any CPU
		{1B65C68A-2414-4911-8B88-1F1D5E32B266}.Ad-Hoc|ARM.Build.0 = Release|Any CPU
		{1B65C68A-2414-4911-8B88-1F1D5E32B266}.Ad-Hoc|iPhone.ActiveCfg = Release|Any CPU
		{1B65C68A-2414-4911-8B88-1F1D5E32B266}.Ad-Hoc|iPhone.Build.0 = Release|Any CPU
		{1B65C68A-2414-4911-8B88-1F1D5E32B266}.Ad-Hoc|iPhoneSimulator.ActiveCfg = Release|Any CPU
		{1B65C68A-2414-4911-8B88-1F1D5E32B266}.Ad-Hoc|iPhoneSimulator.Build.0 = Release|Any CPU
		{1B65C68A-2414-4911-8B88-1F1D5E32B266}.Ad-Hoc|x64.ActiveCfg = Release|Any CPU
		{1B65C68A-2414-4911-8B88-1F1D5E32B266}.Ad-Hoc|x64.Build.0 = Release|Any CPU
		{1B65C68A-2414-4911-8B88-1F1D5E32B266}.Ad-Hoc|x86.ActiveCfg = Release|Any CPU
		{1B65C68A-2414-4911-8B88-1F1D5E32B266}.Ad-Hoc|x86.Build.0 = Release|Any CPU
		{1B65C68A-2414-4911-8B88-1F1D5E32B266}.AppStore|Any CPU.ActiveCfg = Release|Any CPU
		{1B65C68A-2414-4911-8B88-1F1D5E32B266}.AppStore|Any CPU.Build.0 = Release|Any CPU
		{1B65C68A-2414-4911-8B88-1F1D5E32B266}.AppStore|ARM.ActiveCfg = Release|Any CPU
		{1B65C68A-2414-4911-8B88-1F1D5E32B266}.AppStore|ARM.Build.0 = Release|Any CPU
		{1B65C68A-2414-4911-8B88-1F1D5E32B266}.AppStore|iPhone.ActiveCfg = Release|Any CPU
		{1B65C68A-2414-4911-8B88-1F1D5E32B266}.AppStore|iPhone.Build.0 = Release|Any CPU
		{1B65C68A-2414-4911-8B88-1F1D5E32B266}.AppStore|iPhoneSimulator.ActiveCfg = Release|Any CPU
		{1B65C68A-2414-4911-8B88-1F1D5E32B266}.AppStore|iPhoneSimulator.Build.0 = Release|Any CPU
		{1B65C68A-2414-4911-8B88-1F1D5E32B266}.AppStore|x64.ActiveCfg = Release|Any CPU
		{1B65C68A-2414-4911-8B88-1F1D5E32B266}.AppStore|x64.Build.0 = Release|Any CPU
		{1B65C68A-2414-4911-8B88-1F1D5E32B266}.AppStore|x86.ActiveCfg = Release|Any CPU
		{1B65C68A-2414-4911-8B88-1F1D5E32B266}.AppStore|x86.Build.0 = Release|Any CPU
		{1B65C68A-2414-4911-8B88-1F1D5E32B266}.Debug|Any CPU.ActiveCfg = Debug|Any CPU
		{1B65C68A-2414-4911-8B88-1F1D5E32B266}.Debug|Any CPU.Build.0 = Debug|Any CPU
		{1B65C68A-2414-4911-8B88-1F1D5E32B266}.Debug|ARM.ActiveCfg = Debug|Any CPU
		{1B65C68A-2414-4911-8B88-1F1D5E32B266}.Debug|ARM.Build.0 = Debug|Any CPU
		{1B65C68A-2414-4911-8B88-1F1D5E32B266}.Debug|iPhone.ActiveCfg = Debug|Any CPU
		{1B65C68A-2414-4911-8B88-1F1D5E32B266}.Debug|iPhone.Build.0 = Debug|Any CPU
		{1B65C68A-2414-4911-8B88-1F1D5E32B266}.Debug|iPhoneSimulator.ActiveCfg = Debug|Any CPU
		{1B65C68A-2414-4911-8B88-1F1D5E32B266}.Debug|iPhoneSimulator.Build.0 = Debug|Any CPU
		{1B65C68A-2414-4911-8B88-1F1D5E32B266}.Debug|x64.ActiveCfg = Debug|Any CPU
		{1B65C68A-2414-4911-8B88-1F1D5E32B266}.Debug|x64.Build.0 = Debug|Any CPU
		{1B65C68A-2414-4911-8B88-1F1D5E32B266}.Debug|x86.ActiveCfg = Debug|Any CPU
		{1B65C68A-2414-4911-8B88-1F1D5E32B266}.Debug|x86.Build.0 = Debug|Any CPU
		{1B65C68A-2414-4911-8B88-1F1D5E32B266}.Release|Any CPU.ActiveCfg = Release|Any CPU
		{1B65C68A-2414-4911-8B88-1F1D5E32B266}.Release|Any CPU.Build.0 = Release|Any CPU
		{1B65C68A-2414-4911-8B88-1F1D5E32B266}.Release|ARM.ActiveCfg = Release|Any CPU
		{1B65C68A-2414-4911-8B88-1F1D5E32B266}.Release|ARM.Build.0 = Release|Any CPU
		{1B65C68A-2414-4911-8B88-1F1D5E32B266}.Release|iPhone.ActiveCfg = Release|Any CPU
		{1B65C68A-2414-4911-8B88-1F1D5E32B266}.Release|iPhone.Build.0 = Release|Any CPU
		{1B65C68A-2414-4911-8B88-1F1D5E32B266}.Release|iPhoneSimulator.ActiveCfg = Release|Any CPU
		{1B65C68A-2414-4911-8B88-1F1D5E32B266}.Release|iPhoneSimulator.Build.0 = Release|Any CPU
		{1B65C68A-2414-4911-8B88-1F1D5E32B266}.Release|x64.ActiveCfg = Release|Any CPU
		{1B65C68A-2414-4911-8B88-1F1D5E32B266}.Release|x64.Build.0 = Release|Any CPU
		{1B65C68A-2414-4911-8B88-1F1D5E32B266}.Release|x86.ActiveCfg = Release|Any CPU
		{1B65C68A-2414-4911-8B88-1F1D5E32B266}.Release|x86.Build.0 = Release|Any CPU
		{C8BE8212-EABA-4323-A223-706660F7DE7B}.Ad-Hoc|Any CPU.ActiveCfg = Release|Any CPU
		{C8BE8212-EABA-4323-A223-706660F7DE7B}.Ad-Hoc|Any CPU.Build.0 = Release|Any CPU
		{C8BE8212-EABA-4323-A223-706660F7DE7B}.Ad-Hoc|Any CPU.Deploy.0 = Release|Any CPU
		{C8BE8212-EABA-4323-A223-706660F7DE7B}.Ad-Hoc|ARM.ActiveCfg = Release|Any CPU
		{C8BE8212-EABA-4323-A223-706660F7DE7B}.Ad-Hoc|ARM.Build.0 = Release|Any CPU
		{C8BE8212-EABA-4323-A223-706660F7DE7B}.Ad-Hoc|ARM.Deploy.0 = Release|Any CPU
		{C8BE8212-EABA-4323-A223-706660F7DE7B}.Ad-Hoc|iPhone.ActiveCfg = Release|Any CPU
		{C8BE8212-EABA-4323-A223-706660F7DE7B}.Ad-Hoc|iPhone.Build.0 = Release|Any CPU
		{C8BE8212-EABA-4323-A223-706660F7DE7B}.Ad-Hoc|iPhone.Deploy.0 = Release|Any CPU
		{C8BE8212-EABA-4323-A223-706660F7DE7B}.Ad-Hoc|iPhoneSimulator.ActiveCfg = Release|Any CPU
		{C8BE8212-EABA-4323-A223-706660F7DE7B}.Ad-Hoc|iPhoneSimulator.Build.0 = Release|Any CPU
		{C8BE8212-EABA-4323-A223-706660F7DE7B}.Ad-Hoc|iPhoneSimulator.Deploy.0 = Release|Any CPU
		{C8BE8212-EABA-4323-A223-706660F7DE7B}.Ad-Hoc|x64.ActiveCfg = Release|Any CPU
		{C8BE8212-EABA-4323-A223-706660F7DE7B}.Ad-Hoc|x64.Build.0 = Release|Any CPU
		{C8BE8212-EABA-4323-A223-706660F7DE7B}.Ad-Hoc|x64.Deploy.0 = Release|Any CPU
		{C8BE8212-EABA-4323-A223-706660F7DE7B}.Ad-Hoc|x86.ActiveCfg = Release|Any CPU
		{C8BE8212-EABA-4323-A223-706660F7DE7B}.Ad-Hoc|x86.Build.0 = Release|Any CPU
		{C8BE8212-EABA-4323-A223-706660F7DE7B}.Ad-Hoc|x86.Deploy.0 = Release|Any CPU
		{C8BE8212-EABA-4323-A223-706660F7DE7B}.AppStore|Any CPU.ActiveCfg = Release|Any CPU
		{C8BE8212-EABA-4323-A223-706660F7DE7B}.AppStore|Any CPU.Build.0 = Release|Any CPU
		{C8BE8212-EABA-4323-A223-706660F7DE7B}.AppStore|Any CPU.Deploy.0 = Release|Any CPU
		{C8BE8212-EABA-4323-A223-706660F7DE7B}.AppStore|ARM.ActiveCfg = Release|Any CPU
		{C8BE8212-EABA-4323-A223-706660F7DE7B}.AppStore|ARM.Build.0 = Release|Any CPU
		{C8BE8212-EABA-4323-A223-706660F7DE7B}.AppStore|ARM.Deploy.0 = Release|Any CPU
		{C8BE8212-EABA-4323-A223-706660F7DE7B}.AppStore|iPhone.ActiveCfg = Release|Any CPU
		{C8BE8212-EABA-4323-A223-706660F7DE7B}.AppStore|iPhone.Build.0 = Release|Any CPU
		{C8BE8212-EABA-4323-A223-706660F7DE7B}.AppStore|iPhone.Deploy.0 = Release|Any CPU
		{C8BE8212-EABA-4323-A223-706660F7DE7B}.AppStore|iPhoneSimulator.ActiveCfg = Release|Any CPU
		{C8BE8212-EABA-4323-A223-706660F7DE7B}.AppStore|iPhoneSimulator.Build.0 = Release|Any CPU
		{C8BE8212-EABA-4323-A223-706660F7DE7B}.AppStore|iPhoneSimulator.Deploy.0 = Release|Any CPU
		{C8BE8212-EABA-4323-A223-706660F7DE7B}.AppStore|x64.ActiveCfg = Release|Any CPU
		{C8BE8212-EABA-4323-A223-706660F7DE7B}.AppStore|x64.Build.0 = Release|Any CPU
		{C8BE8212-EABA-4323-A223-706660F7DE7B}.AppStore|x64.Deploy.0 = Release|Any CPU
		{C8BE8212-EABA-4323-A223-706660F7DE7B}.AppStore|x86.ActiveCfg = Release|Any CPU
		{C8BE8212-EABA-4323-A223-706660F7DE7B}.AppStore|x86.Build.0 = Release|Any CPU
		{C8BE8212-EABA-4323-A223-706660F7DE7B}.AppStore|x86.Deploy.0 = Release|Any CPU
		{C8BE8212-EABA-4323-A223-706660F7DE7B}.Debug|Any CPU.ActiveCfg = Debug|Any CPU
		{C8BE8212-EABA-4323-A223-706660F7DE7B}.Debug|Any CPU.Build.0 = Debug|Any CPU
		{C8BE8212-EABA-4323-A223-706660F7DE7B}.Debug|Any CPU.Deploy.0 = Debug|Any CPU
		{C8BE8212-EABA-4323-A223-706660F7DE7B}.Debug|ARM.ActiveCfg = Debug|Any CPU
		{C8BE8212-EABA-4323-A223-706660F7DE7B}.Debug|ARM.Build.0 = Debug|Any CPU
		{C8BE8212-EABA-4323-A223-706660F7DE7B}.Debug|ARM.Deploy.0 = Debug|Any CPU
		{C8BE8212-EABA-4323-A223-706660F7DE7B}.Debug|iPhone.ActiveCfg = Debug|Any CPU
		{C8BE8212-EABA-4323-A223-706660F7DE7B}.Debug|iPhone.Build.0 = Debug|Any CPU
		{C8BE8212-EABA-4323-A223-706660F7DE7B}.Debug|iPhone.Deploy.0 = Debug|Any CPU
		{C8BE8212-EABA-4323-A223-706660F7DE7B}.Debug|iPhoneSimulator.ActiveCfg = Debug|Any CPU
		{C8BE8212-EABA-4323-A223-706660F7DE7B}.Debug|iPhoneSimulator.Build.0 = Debug|Any CPU
		{C8BE8212-EABA-4323-A223-706660F7DE7B}.Debug|iPhoneSimulator.Deploy.0 = Debug|Any CPU
		{C8BE8212-EABA-4323-A223-706660F7DE7B}.Debug|x64.ActiveCfg = Debug|Any CPU
		{C8BE8212-EABA-4323-A223-706660F7DE7B}.Debug|x64.Build.0 = Debug|Any CPU
		{C8BE8212-EABA-4323-A223-706660F7DE7B}.Debug|x64.Deploy.0 = Debug|Any CPU
		{C8BE8212-EABA-4323-A223-706660F7DE7B}.Debug|x86.ActiveCfg = Debug|Any CPU
		{C8BE8212-EABA-4323-A223-706660F7DE7B}.Debug|x86.Build.0 = Debug|Any CPU
		{C8BE8212-EABA-4323-A223-706660F7DE7B}.Debug|x86.Deploy.0 = Debug|Any CPU
		{C8BE8212-EABA-4323-A223-706660F7DE7B}.Release|Any CPU.ActiveCfg = Release|Any CPU
		{C8BE8212-EABA-4323-A223-706660F7DE7B}.Release|Any CPU.Build.0 = Release|Any CPU
		{C8BE8212-EABA-4323-A223-706660F7DE7B}.Release|Any CPU.Deploy.0 = Release|Any CPU
		{C8BE8212-EABA-4323-A223-706660F7DE7B}.Release|ARM.ActiveCfg = Release|Any CPU
		{C8BE8212-EABA-4323-A223-706660F7DE7B}.Release|ARM.Build.0 = Release|Any CPU
		{C8BE8212-EABA-4323-A223-706660F7DE7B}.Release|ARM.Deploy.0 = Release|Any CPU
		{C8BE8212-EABA-4323-A223-706660F7DE7B}.Release|iPhone.ActiveCfg = Release|Any CPU
		{C8BE8212-EABA-4323-A223-706660F7DE7B}.Release|iPhone.Build.0 = Release|Any CPU
		{C8BE8212-EABA-4323-A223-706660F7DE7B}.Release|iPhone.Deploy.0 = Release|Any CPU
		{C8BE8212-EABA-4323-A223-706660F7DE7B}.Release|iPhoneSimulator.ActiveCfg = Release|Any CPU
		{C8BE8212-EABA-4323-A223-706660F7DE7B}.Release|iPhoneSimulator.Build.0 = Release|Any CPU
		{C8BE8212-EABA-4323-A223-706660F7DE7B}.Release|iPhoneSimulator.Deploy.0 = Release|Any CPU
		{C8BE8212-EABA-4323-A223-706660F7DE7B}.Release|x64.ActiveCfg = Release|Any CPU
		{C8BE8212-EABA-4323-A223-706660F7DE7B}.Release|x64.Build.0 = Release|Any CPU
		{C8BE8212-EABA-4323-A223-706660F7DE7B}.Release|x64.Deploy.0 = Release|Any CPU
		{C8BE8212-EABA-4323-A223-706660F7DE7B}.Release|x86.ActiveCfg = Release|Any CPU
		{C8BE8212-EABA-4323-A223-706660F7DE7B}.Release|x86.Build.0 = Release|Any CPU
		{C8BE8212-EABA-4323-A223-706660F7DE7B}.Release|x86.Deploy.0 = Release|Any CPU
		{6A2A9282-F7C2-4EE9-83D9-8F873C0E0ACD}.Ad-Hoc|Any CPU.ActiveCfg = Ad-Hoc|iPhone
		{6A2A9282-F7C2-4EE9-83D9-8F873C0E0ACD}.Ad-Hoc|ARM.ActiveCfg = Ad-Hoc|iPhone
		{6A2A9282-F7C2-4EE9-83D9-8F873C0E0ACD}.Ad-Hoc|iPhone.ActiveCfg = Ad-Hoc|iPhone
		{6A2A9282-F7C2-4EE9-83D9-8F873C0E0ACD}.Ad-Hoc|iPhone.Build.0 = Ad-Hoc|iPhone
		{6A2A9282-F7C2-4EE9-83D9-8F873C0E0ACD}.Ad-Hoc|iPhoneSimulator.ActiveCfg = Ad-Hoc|iPhoneSimulator
		{6A2A9282-F7C2-4EE9-83D9-8F873C0E0ACD}.Ad-Hoc|iPhoneSimulator.Build.0 = Ad-Hoc|iPhoneSimulator
		{6A2A9282-F7C2-4EE9-83D9-8F873C0E0ACD}.Ad-Hoc|x64.ActiveCfg = Ad-Hoc|iPhone
		{6A2A9282-F7C2-4EE9-83D9-8F873C0E0ACD}.Ad-Hoc|x86.ActiveCfg = Ad-Hoc|iPhone
		{6A2A9282-F7C2-4EE9-83D9-8F873C0E0ACD}.AppStore|Any CPU.ActiveCfg = AppStore|iPhone
		{6A2A9282-F7C2-4EE9-83D9-8F873C0E0ACD}.AppStore|ARM.ActiveCfg = AppStore|iPhone
		{6A2A9282-F7C2-4EE9-83D9-8F873C0E0ACD}.AppStore|iPhone.ActiveCfg = AppStore|iPhone
		{6A2A9282-F7C2-4EE9-83D9-8F873C0E0ACD}.AppStore|iPhone.Build.0 = AppStore|iPhone
		{6A2A9282-F7C2-4EE9-83D9-8F873C0E0ACD}.AppStore|iPhoneSimulator.ActiveCfg = AppStore|iPhoneSimulator
		{6A2A9282-F7C2-4EE9-83D9-8F873C0E0ACD}.AppStore|iPhoneSimulator.Build.0 = AppStore|iPhoneSimulator
		{6A2A9282-F7C2-4EE9-83D9-8F873C0E0ACD}.AppStore|x64.ActiveCfg = AppStore|iPhone
		{6A2A9282-F7C2-4EE9-83D9-8F873C0E0ACD}.AppStore|x86.ActiveCfg = AppStore|iPhone
		{6A2A9282-F7C2-4EE9-83D9-8F873C0E0ACD}.Debug|Any CPU.ActiveCfg = Debug|iPhone
		{6A2A9282-F7C2-4EE9-83D9-8F873C0E0ACD}.Debug|ARM.ActiveCfg = Debug|iPhone
		{6A2A9282-F7C2-4EE9-83D9-8F873C0E0ACD}.Debug|iPhone.ActiveCfg = Debug|iPhone
		{6A2A9282-F7C2-4EE9-83D9-8F873C0E0ACD}.Debug|iPhone.Build.0 = Debug|iPhone
		{6A2A9282-F7C2-4EE9-83D9-8F873C0E0ACD}.Debug|iPhoneSimulator.ActiveCfg = Debug|iPhoneSimulator
		{6A2A9282-F7C2-4EE9-83D9-8F873C0E0ACD}.Debug|iPhoneSimulator.Build.0 = Debug|iPhoneSimulator
		{6A2A9282-F7C2-4EE9-83D9-8F873C0E0ACD}.Debug|x64.ActiveCfg = Debug|iPhone
		{6A2A9282-F7C2-4EE9-83D9-8F873C0E0ACD}.Debug|x86.ActiveCfg = Debug|iPhone
		{6A2A9282-F7C2-4EE9-83D9-8F873C0E0ACD}.Release|Any CPU.ActiveCfg = Release|iPhone
		{6A2A9282-F7C2-4EE9-83D9-8F873C0E0ACD}.Release|ARM.ActiveCfg = Release|iPhone
		{6A2A9282-F7C2-4EE9-83D9-8F873C0E0ACD}.Release|iPhone.ActiveCfg = Release|iPhone
		{6A2A9282-F7C2-4EE9-83D9-8F873C0E0ACD}.Release|iPhone.Build.0 = Release|iPhone
		{6A2A9282-F7C2-4EE9-83D9-8F873C0E0ACD}.Release|iPhoneSimulator.ActiveCfg = Release|iPhoneSimulator
		{6A2A9282-F7C2-4EE9-83D9-8F873C0E0ACD}.Release|iPhoneSimulator.Build.0 = Release|iPhoneSimulator
		{6A2A9282-F7C2-4EE9-83D9-8F873C0E0ACD}.Release|x64.ActiveCfg = Release|iPhone
		{6A2A9282-F7C2-4EE9-83D9-8F873C0E0ACD}.Release|x86.ActiveCfg = Release|iPhone
		{CB00C330-0175-49C9-88A0-5A2E5B26C90B}.Ad-Hoc|Any CPU.ActiveCfg = Release|Any CPU
		{CB00C330-0175-49C9-88A0-5A2E5B26C90B}.Ad-Hoc|Any CPU.Build.0 = Release|Any CPU
		{CB00C330-0175-49C9-88A0-5A2E5B26C90B}.Ad-Hoc|Any CPU.Deploy.0 = Release|Any CPU
		{CB00C330-0175-49C9-88A0-5A2E5B26C90B}.Ad-Hoc|ARM.ActiveCfg = Release|ARM
		{CB00C330-0175-49C9-88A0-5A2E5B26C90B}.Ad-Hoc|ARM.Build.0 = Release|ARM
		{CB00C330-0175-49C9-88A0-5A2E5B26C90B}.Ad-Hoc|ARM.Deploy.0 = Release|ARM
		{CB00C330-0175-49C9-88A0-5A2E5B26C90B}.Ad-Hoc|iPhone.ActiveCfg = Release|Any CPU
		{CB00C330-0175-49C9-88A0-5A2E5B26C90B}.Ad-Hoc|iPhone.Build.0 = Release|Any CPU
		{CB00C330-0175-49C9-88A0-5A2E5B26C90B}.Ad-Hoc|iPhone.Deploy.0 = Release|Any CPU
		{CB00C330-0175-49C9-88A0-5A2E5B26C90B}.Ad-Hoc|iPhoneSimulator.ActiveCfg = Release|Any CPU
		{CB00C330-0175-49C9-88A0-5A2E5B26C90B}.Ad-Hoc|iPhoneSimulator.Build.0 = Release|Any CPU
		{CB00C330-0175-49C9-88A0-5A2E5B26C90B}.Ad-Hoc|iPhoneSimulator.Deploy.0 = Release|Any CPU
		{CB00C330-0175-49C9-88A0-5A2E5B26C90B}.Ad-Hoc|x64.ActiveCfg = Release|Any CPU
		{CB00C330-0175-49C9-88A0-5A2E5B26C90B}.Ad-Hoc|x64.Build.0 = Release|Any CPU
		{CB00C330-0175-49C9-88A0-5A2E5B26C90B}.Ad-Hoc|x64.Deploy.0 = Release|Any CPU
		{CB00C330-0175-49C9-88A0-5A2E5B26C90B}.Ad-Hoc|x86.ActiveCfg = Release|x86
		{CB00C330-0175-49C9-88A0-5A2E5B26C90B}.Ad-Hoc|x86.Build.0 = Release|x86
		{CB00C330-0175-49C9-88A0-5A2E5B26C90B}.Ad-Hoc|x86.Deploy.0 = Release|x86
		{CB00C330-0175-49C9-88A0-5A2E5B26C90B}.AppStore|Any CPU.ActiveCfg = Release|Any CPU
		{CB00C330-0175-49C9-88A0-5A2E5B26C90B}.AppStore|Any CPU.Build.0 = Release|Any CPU
		{CB00C330-0175-49C9-88A0-5A2E5B26C90B}.AppStore|Any CPU.Deploy.0 = Release|Any CPU
		{CB00C330-0175-49C9-88A0-5A2E5B26C90B}.AppStore|ARM.ActiveCfg = Release|ARM
		{CB00C330-0175-49C9-88A0-5A2E5B26C90B}.AppStore|ARM.Build.0 = Release|ARM
		{CB00C330-0175-49C9-88A0-5A2E5B26C90B}.AppStore|ARM.Deploy.0 = Release|ARM
		{CB00C330-0175-49C9-88A0-5A2E5B26C90B}.AppStore|iPhone.ActiveCfg = Release|Any CPU
		{CB00C330-0175-49C9-88A0-5A2E5B26C90B}.AppStore|iPhone.Build.0 = Release|Any CPU
		{CB00C330-0175-49C9-88A0-5A2E5B26C90B}.AppStore|iPhone.Deploy.0 = Release|Any CPU
		{CB00C330-0175-49C9-88A0-5A2E5B26C90B}.AppStore|iPhoneSimulator.ActiveCfg = Release|Any CPU
		{CB00C330-0175-49C9-88A0-5A2E5B26C90B}.AppStore|iPhoneSimulator.Build.0 = Release|Any CPU
		{CB00C330-0175-49C9-88A0-5A2E5B26C90B}.AppStore|iPhoneSimulator.Deploy.0 = Release|Any CPU
		{CB00C330-0175-49C9-88A0-5A2E5B26C90B}.AppStore|x64.ActiveCfg = Release|Any CPU
		{CB00C330-0175-49C9-88A0-5A2E5B26C90B}.AppStore|x64.Build.0 = Release|Any CPU
		{CB00C330-0175-49C9-88A0-5A2E5B26C90B}.AppStore|x64.Deploy.0 = Release|Any CPU
		{CB00C330-0175-49C9-88A0-5A2E5B26C90B}.AppStore|x86.ActiveCfg = Release|x86
		{CB00C330-0175-49C9-88A0-5A2E5B26C90B}.AppStore|x86.Build.0 = Release|x86
		{CB00C330-0175-49C9-88A0-5A2E5B26C90B}.AppStore|x86.Deploy.0 = Release|x86
		{CB00C330-0175-49C9-88A0-5A2E5B26C90B}.Debug|Any CPU.ActiveCfg = Debug|Any CPU
		{CB00C330-0175-49C9-88A0-5A2E5B26C90B}.Debug|Any CPU.Build.0 = Debug|Any CPU
		{CB00C330-0175-49C9-88A0-5A2E5B26C90B}.Debug|Any CPU.Deploy.0 = Debug|Any CPU
		{CB00C330-0175-49C9-88A0-5A2E5B26C90B}.Debug|ARM.ActiveCfg = Debug|ARM
		{CB00C330-0175-49C9-88A0-5A2E5B26C90B}.Debug|ARM.Build.0 = Debug|ARM
		{CB00C330-0175-49C9-88A0-5A2E5B26C90B}.Debug|ARM.Deploy.0 = Debug|ARM
		{CB00C330-0175-49C9-88A0-5A2E5B26C90B}.Debug|iPhone.ActiveCfg = Debug|Any CPU
		{CB00C330-0175-49C9-88A0-5A2E5B26C90B}.Debug|iPhone.Build.0 = Debug|Any CPU
		{CB00C330-0175-49C9-88A0-5A2E5B26C90B}.Debug|iPhone.Deploy.0 = Debug|Any CPU
		{CB00C330-0175-49C9-88A0-5A2E5B26C90B}.Debug|iPhoneSimulator.ActiveCfg = Debug|Any CPU
		{CB00C330-0175-49C9-88A0-5A2E5B26C90B}.Debug|iPhoneSimulator.Build.0 = Debug|Any CPU
		{CB00C330-0175-49C9-88A0-5A2E5B26C90B}.Debug|iPhoneSimulator.Deploy.0 = Debug|Any CPU
		{CB00C330-0175-49C9-88A0-5A2E5B26C90B}.Debug|x64.ActiveCfg = Debug|Any CPU
		{CB00C330-0175-49C9-88A0-5A2E5B26C90B}.Debug|x64.Build.0 = Debug|Any CPU
		{CB00C330-0175-49C9-88A0-5A2E5B26C90B}.Debug|x64.Deploy.0 = Debug|Any CPU
		{CB00C330-0175-49C9-88A0-5A2E5B26C90B}.Debug|x86.ActiveCfg = Debug|x86
		{CB00C330-0175-49C9-88A0-5A2E5B26C90B}.Debug|x86.Build.0 = Debug|x86
		{CB00C330-0175-49C9-88A0-5A2E5B26C90B}.Debug|x86.Deploy.0 = Debug|x86
		{CB00C330-0175-49C9-88A0-5A2E5B26C90B}.Release|Any CPU.ActiveCfg = Release|Any CPU
		{CB00C330-0175-49C9-88A0-5A2E5B26C90B}.Release|Any CPU.Build.0 = Release|Any CPU
		{CB00C330-0175-49C9-88A0-5A2E5B26C90B}.Release|Any CPU.Deploy.0 = Release|Any CPU
		{CB00C330-0175-49C9-88A0-5A2E5B26C90B}.Release|ARM.ActiveCfg = Release|ARM
		{CB00C330-0175-49C9-88A0-5A2E5B26C90B}.Release|ARM.Build.0 = Release|ARM
		{CB00C330-0175-49C9-88A0-5A2E5B26C90B}.Release|ARM.Deploy.0 = Release|ARM
		{CB00C330-0175-49C9-88A0-5A2E5B26C90B}.Release|iPhone.ActiveCfg = Release|Any CPU
		{CB00C330-0175-49C9-88A0-5A2E5B26C90B}.Release|iPhone.Build.0 = Release|Any CPU
		{CB00C330-0175-49C9-88A0-5A2E5B26C90B}.Release|iPhone.Deploy.0 = Release|Any CPU
		{CB00C330-0175-49C9-88A0-5A2E5B26C90B}.Release|iPhoneSimulator.ActiveCfg = Release|Any CPU
		{CB00C330-0175-49C9-88A0-5A2E5B26C90B}.Release|iPhoneSimulator.Build.0 = Release|Any CPU
		{CB00C330-0175-49C9-88A0-5A2E5B26C90B}.Release|iPhoneSimulator.Deploy.0 = Release|Any CPU
		{CB00C330-0175-49C9-88A0-5A2E5B26C90B}.Release|x64.ActiveCfg = Release|Any CPU
		{CB00C330-0175-49C9-88A0-5A2E5B26C90B}.Release|x64.Build.0 = Release|Any CPU
		{CB00C330-0175-49C9-88A0-5A2E5B26C90B}.Release|x64.Deploy.0 = Release|Any CPU
		{CB00C330-0175-49C9-88A0-5A2E5B26C90B}.Release|x86.ActiveCfg = Release|x86
		{CB00C330-0175-49C9-88A0-5A2E5B26C90B}.Release|x86.Build.0 = Release|x86
		{CB00C330-0175-49C9-88A0-5A2E5B26C90B}.Release|x86.Deploy.0 = Release|x86
		{933E5225-36DF-4EF7-8E77-511F043E3A8E}.Ad-Hoc|Any CPU.ActiveCfg = Release|x86
		{933E5225-36DF-4EF7-8E77-511F043E3A8E}.Ad-Hoc|Any CPU.Build.0 = Release|x86
		{933E5225-36DF-4EF7-8E77-511F043E3A8E}.Ad-Hoc|Any CPU.Deploy.0 = Release|x86
		{933E5225-36DF-4EF7-8E77-511F043E3A8E}.Ad-Hoc|ARM.ActiveCfg = Release|ARM
		{933E5225-36DF-4EF7-8E77-511F043E3A8E}.Ad-Hoc|ARM.Build.0 = Release|ARM
		{933E5225-36DF-4EF7-8E77-511F043E3A8E}.Ad-Hoc|ARM.Deploy.0 = Release|ARM
		{933E5225-36DF-4EF7-8E77-511F043E3A8E}.Ad-Hoc|iPhone.ActiveCfg = Release|x86
		{933E5225-36DF-4EF7-8E77-511F043E3A8E}.Ad-Hoc|iPhone.Build.0 = Release|x86
		{933E5225-36DF-4EF7-8E77-511F043E3A8E}.Ad-Hoc|iPhone.Deploy.0 = Release|x86
		{933E5225-36DF-4EF7-8E77-511F043E3A8E}.Ad-Hoc|iPhoneSimulator.ActiveCfg = Release|x86
		{933E5225-36DF-4EF7-8E77-511F043E3A8E}.Ad-Hoc|iPhoneSimulator.Build.0 = Release|x86
		{933E5225-36DF-4EF7-8E77-511F043E3A8E}.Ad-Hoc|iPhoneSimulator.Deploy.0 = Release|x86
		{933E5225-36DF-4EF7-8E77-511F043E3A8E}.Ad-Hoc|x64.ActiveCfg = Release|x64
		{933E5225-36DF-4EF7-8E77-511F043E3A8E}.Ad-Hoc|x64.Build.0 = Release|x64
		{933E5225-36DF-4EF7-8E77-511F043E3A8E}.Ad-Hoc|x64.Deploy.0 = Release|x64
		{933E5225-36DF-4EF7-8E77-511F043E3A8E}.Ad-Hoc|x86.ActiveCfg = Release|x86
		{933E5225-36DF-4EF7-8E77-511F043E3A8E}.Ad-Hoc|x86.Build.0 = Release|x86
		{933E5225-36DF-4EF7-8E77-511F043E3A8E}.Ad-Hoc|x86.Deploy.0 = Release|x86
		{933E5225-36DF-4EF7-8E77-511F043E3A8E}.AppStore|Any CPU.ActiveCfg = Release|x86
		{933E5225-36DF-4EF7-8E77-511F043E3A8E}.AppStore|Any CPU.Build.0 = Release|x86
		{933E5225-36DF-4EF7-8E77-511F043E3A8E}.AppStore|Any CPU.Deploy.0 = Release|x86
		{933E5225-36DF-4EF7-8E77-511F043E3A8E}.AppStore|ARM.ActiveCfg = Release|ARM
		{933E5225-36DF-4EF7-8E77-511F043E3A8E}.AppStore|ARM.Build.0 = Release|ARM
		{933E5225-36DF-4EF7-8E77-511F043E3A8E}.AppStore|ARM.Deploy.0 = Release|ARM
		{933E5225-36DF-4EF7-8E77-511F043E3A8E}.AppStore|iPhone.ActiveCfg = Release|x86
		{933E5225-36DF-4EF7-8E77-511F043E3A8E}.AppStore|iPhone.Build.0 = Release|x86
		{933E5225-36DF-4EF7-8E77-511F043E3A8E}.AppStore|iPhone.Deploy.0 = Release|x86
		{933E5225-36DF-4EF7-8E77-511F043E3A8E}.AppStore|iPhoneSimulator.ActiveCfg = Release|x86
		{933E5225-36DF-4EF7-8E77-511F043E3A8E}.AppStore|iPhoneSimulator.Build.0 = Release|x86
		{933E5225-36DF-4EF7-8E77-511F043E3A8E}.AppStore|iPhoneSimulator.Deploy.0 = Release|x86
		{933E5225-36DF-4EF7-8E77-511F043E3A8E}.AppStore|x64.ActiveCfg = Release|x64
		{933E5225-36DF-4EF7-8E77-511F043E3A8E}.AppStore|x64.Build.0 = Release|x64
		{933E5225-36DF-4EF7-8E77-511F043E3A8E}.AppStore|x64.Deploy.0 = Release|x64
		{933E5225-36DF-4EF7-8E77-511F043E3A8E}.AppStore|x86.ActiveCfg = Release|x86
		{933E5225-36DF-4EF7-8E77-511F043E3A8E}.AppStore|x86.Build.0 = Release|x86
		{933E5225-36DF-4EF7-8E77-511F043E3A8E}.AppStore|x86.Deploy.0 = Release|x86
		{933E5225-36DF-4EF7-8E77-511F043E3A8E}.Debug|Any CPU.ActiveCfg = Debug|x86
		{933E5225-36DF-4EF7-8E77-511F043E3A8E}.Debug|ARM.ActiveCfg = Debug|ARM
		{933E5225-36DF-4EF7-8E77-511F043E3A8E}.Debug|ARM.Build.0 = Debug|ARM
		{933E5225-36DF-4EF7-8E77-511F043E3A8E}.Debug|ARM.Deploy.0 = Debug|ARM
		{933E5225-36DF-4EF7-8E77-511F043E3A8E}.Debug|iPhone.ActiveCfg = Debug|x86
		{933E5225-36DF-4EF7-8E77-511F043E3A8E}.Debug|iPhoneSimulator.ActiveCfg = Debug|x86
		{933E5225-36DF-4EF7-8E77-511F043E3A8E}.Debug|x64.ActiveCfg = Debug|x64
		{933E5225-36DF-4EF7-8E77-511F043E3A8E}.Debug|x64.Build.0 = Debug|x64
		{933E5225-36DF-4EF7-8E77-511F043E3A8E}.Debug|x64.Deploy.0 = Debug|x64
		{933E5225-36DF-4EF7-8E77-511F043E3A8E}.Debug|x86.ActiveCfg = Debug|x86
		{933E5225-36DF-4EF7-8E77-511F043E3A8E}.Debug|x86.Build.0 = Debug|x86
		{933E5225-36DF-4EF7-8E77-511F043E3A8E}.Debug|x86.Deploy.0 = Debug|x86
		{933E5225-36DF-4EF7-8E77-511F043E3A8E}.Release|Any CPU.ActiveCfg = Release|x86
		{933E5225-36DF-4EF7-8E77-511F043E3A8E}.Release|ARM.ActiveCfg = Release|ARM
		{933E5225-36DF-4EF7-8E77-511F043E3A8E}.Release|ARM.Build.0 = Release|ARM
		{933E5225-36DF-4EF7-8E77-511F043E3A8E}.Release|ARM.Deploy.0 = Release|ARM
		{933E5225-36DF-4EF7-8E77-511F043E3A8E}.Release|iPhone.ActiveCfg = Release|x86
		{933E5225-36DF-4EF7-8E77-511F043E3A8E}.Release|iPhoneSimulator.ActiveCfg = Release|x86
		{933E5225-36DF-4EF7-8E77-511F043E3A8E}.Release|x64.ActiveCfg = Release|x64
		{933E5225-36DF-4EF7-8E77-511F043E3A8E}.Release|x64.Build.0 = Release|x64
		{933E5225-36DF-4EF7-8E77-511F043E3A8E}.Release|x64.Deploy.0 = Release|x64
		{933E5225-36DF-4EF7-8E77-511F043E3A8E}.Release|x86.ActiveCfg = Release|x86
		{933E5225-36DF-4EF7-8E77-511F043E3A8E}.Release|x86.Build.0 = Release|x86
		{933E5225-36DF-4EF7-8E77-511F043E3A8E}.Release|x86.Deploy.0 = Release|x86
		{6497A5B8-A696-41F2-AE46-A67AB2DB1561}.Ad-Hoc|Any CPU.ActiveCfg = Release|Any CPU
		{6497A5B8-A696-41F2-AE46-A67AB2DB1561}.Ad-Hoc|Any CPU.Build.0 = Release|Any CPU
		{6497A5B8-A696-41F2-AE46-A67AB2DB1561}.Ad-Hoc|Any CPU.Deploy.0 = Release|Any CPU
		{6497A5B8-A696-41F2-AE46-A67AB2DB1561}.Ad-Hoc|ARM.ActiveCfg = Release|ARM
		{6497A5B8-A696-41F2-AE46-A67AB2DB1561}.Ad-Hoc|ARM.Build.0 = Release|ARM
		{6497A5B8-A696-41F2-AE46-A67AB2DB1561}.Ad-Hoc|ARM.Deploy.0 = Release|ARM
		{6497A5B8-A696-41F2-AE46-A67AB2DB1561}.Ad-Hoc|iPhone.ActiveCfg = Release|Any CPU
		{6497A5B8-A696-41F2-AE46-A67AB2DB1561}.Ad-Hoc|iPhone.Build.0 = Release|Any CPU
		{6497A5B8-A696-41F2-AE46-A67AB2DB1561}.Ad-Hoc|iPhone.Deploy.0 = Release|Any CPU
		{6497A5B8-A696-41F2-AE46-A67AB2DB1561}.Ad-Hoc|iPhoneSimulator.ActiveCfg = Release|Any CPU
		{6497A5B8-A696-41F2-AE46-A67AB2DB1561}.Ad-Hoc|iPhoneSimulator.Build.0 = Release|Any CPU
		{6497A5B8-A696-41F2-AE46-A67AB2DB1561}.Ad-Hoc|iPhoneSimulator.Deploy.0 = Release|Any CPU
		{6497A5B8-A696-41F2-AE46-A67AB2DB1561}.Ad-Hoc|x64.ActiveCfg = Release|x64
		{6497A5B8-A696-41F2-AE46-A67AB2DB1561}.Ad-Hoc|x64.Build.0 = Release|x64
		{6497A5B8-A696-41F2-AE46-A67AB2DB1561}.Ad-Hoc|x64.Deploy.0 = Release|x64
		{6497A5B8-A696-41F2-AE46-A67AB2DB1561}.Ad-Hoc|x86.ActiveCfg = Release|x86
		{6497A5B8-A696-41F2-AE46-A67AB2DB1561}.Ad-Hoc|x86.Build.0 = Release|x86
		{6497A5B8-A696-41F2-AE46-A67AB2DB1561}.Ad-Hoc|x86.Deploy.0 = Release|x86
		{6497A5B8-A696-41F2-AE46-A67AB2DB1561}.AppStore|Any CPU.ActiveCfg = Release|Any CPU
		{6497A5B8-A696-41F2-AE46-A67AB2DB1561}.AppStore|Any CPU.Build.0 = Release|Any CPU
		{6497A5B8-A696-41F2-AE46-A67AB2DB1561}.AppStore|Any CPU.Deploy.0 = Release|Any CPU
		{6497A5B8-A696-41F2-AE46-A67AB2DB1561}.AppStore|ARM.ActiveCfg = Release|ARM
		{6497A5B8-A696-41F2-AE46-A67AB2DB1561}.AppStore|ARM.Build.0 = Release|ARM
		{6497A5B8-A696-41F2-AE46-A67AB2DB1561}.AppStore|ARM.Deploy.0 = Release|ARM
		{6497A5B8-A696-41F2-AE46-A67AB2DB1561}.AppStore|iPhone.ActiveCfg = Release|Any CPU
		{6497A5B8-A696-41F2-AE46-A67AB2DB1561}.AppStore|iPhone.Build.0 = Release|Any CPU
		{6497A5B8-A696-41F2-AE46-A67AB2DB1561}.AppStore|iPhone.Deploy.0 = Release|Any CPU
		{6497A5B8-A696-41F2-AE46-A67AB2DB1561}.AppStore|iPhoneSimulator.ActiveCfg = Release|Any CPU
		{6497A5B8-A696-41F2-AE46-A67AB2DB1561}.AppStore|iPhoneSimulator.Build.0 = Release|Any CPU
		{6497A5B8-A696-41F2-AE46-A67AB2DB1561}.AppStore|iPhoneSimulator.Deploy.0 = Release|Any CPU
		{6497A5B8-A696-41F2-AE46-A67AB2DB1561}.AppStore|x64.ActiveCfg = Release|x64
		{6497A5B8-A696-41F2-AE46-A67AB2DB1561}.AppStore|x64.Build.0 = Release|x64
		{6497A5B8-A696-41F2-AE46-A67AB2DB1561}.AppStore|x64.Deploy.0 = Release|x64
		{6497A5B8-A696-41F2-AE46-A67AB2DB1561}.AppStore|x86.ActiveCfg = Release|x86
		{6497A5B8-A696-41F2-AE46-A67AB2DB1561}.AppStore|x86.Build.0 = Release|x86
		{6497A5B8-A696-41F2-AE46-A67AB2DB1561}.AppStore|x86.Deploy.0 = Release|x86
		{6497A5B8-A696-41F2-AE46-A67AB2DB1561}.Debug|Any CPU.ActiveCfg = Debug|Any CPU
		{6497A5B8-A696-41F2-AE46-A67AB2DB1561}.Debug|Any CPU.Build.0 = Debug|Any CPU
		{6497A5B8-A696-41F2-AE46-A67AB2DB1561}.Debug|Any CPU.Deploy.0 = Debug|Any CPU
		{6497A5B8-A696-41F2-AE46-A67AB2DB1561}.Debug|ARM.ActiveCfg = Debug|ARM
		{6497A5B8-A696-41F2-AE46-A67AB2DB1561}.Debug|ARM.Build.0 = Debug|ARM
		{6497A5B8-A696-41F2-AE46-A67AB2DB1561}.Debug|ARM.Deploy.0 = Debug|ARM
		{6497A5B8-A696-41F2-AE46-A67AB2DB1561}.Debug|iPhone.ActiveCfg = Debug|Any CPU
		{6497A5B8-A696-41F2-AE46-A67AB2DB1561}.Debug|iPhone.Build.0 = Debug|Any CPU
		{6497A5B8-A696-41F2-AE46-A67AB2DB1561}.Debug|iPhone.Deploy.0 = Debug|Any CPU
		{6497A5B8-A696-41F2-AE46-A67AB2DB1561}.Debug|iPhoneSimulator.ActiveCfg = Debug|Any CPU
		{6497A5B8-A696-41F2-AE46-A67AB2DB1561}.Debug|iPhoneSimulator.Build.0 = Debug|Any CPU
		{6497A5B8-A696-41F2-AE46-A67AB2DB1561}.Debug|iPhoneSimulator.Deploy.0 = Debug|Any CPU
		{6497A5B8-A696-41F2-AE46-A67AB2DB1561}.Debug|x64.ActiveCfg = Debug|x64
		{6497A5B8-A696-41F2-AE46-A67AB2DB1561}.Debug|x64.Build.0 = Debug|x64
		{6497A5B8-A696-41F2-AE46-A67AB2DB1561}.Debug|x64.Deploy.0 = Debug|x64
		{6497A5B8-A696-41F2-AE46-A67AB2DB1561}.Debug|x86.ActiveCfg = Debug|x86
		{6497A5B8-A696-41F2-AE46-A67AB2DB1561}.Debug|x86.Build.0 = Debug|x86
		{6497A5B8-A696-41F2-AE46-A67AB2DB1561}.Debug|x86.Deploy.0 = Debug|x86
		{6497A5B8-A696-41F2-AE46-A67AB2DB1561}.Release|Any CPU.ActiveCfg = Release|Any CPU
		{6497A5B8-A696-41F2-AE46-A67AB2DB1561}.Release|Any CPU.Build.0 = Release|Any CPU
		{6497A5B8-A696-41F2-AE46-A67AB2DB1561}.Release|Any CPU.Deploy.0 = Release|Any CPU
		{6497A5B8-A696-41F2-AE46-A67AB2DB1561}.Release|ARM.ActiveCfg = Release|ARM
		{6497A5B8-A696-41F2-AE46-A67AB2DB1561}.Release|ARM.Build.0 = Release|ARM
		{6497A5B8-A696-41F2-AE46-A67AB2DB1561}.Release|ARM.Deploy.0 = Release|ARM
		{6497A5B8-A696-41F2-AE46-A67AB2DB1561}.Release|iPhone.ActiveCfg = Release|Any CPU
		{6497A5B8-A696-41F2-AE46-A67AB2DB1561}.Release|iPhone.Build.0 = Release|Any CPU
		{6497A5B8-A696-41F2-AE46-A67AB2DB1561}.Release|iPhone.Deploy.0 = Release|Any CPU
		{6497A5B8-A696-41F2-AE46-A67AB2DB1561}.Release|iPhoneSimulator.ActiveCfg = Release|Any CPU
		{6497A5B8-A696-41F2-AE46-A67AB2DB1561}.Release|iPhoneSimulator.Build.0 = Release|Any CPU
		{6497A5B8-A696-41F2-AE46-A67AB2DB1561}.Release|iPhoneSimulator.Deploy.0 = Release|Any CPU
		{6497A5B8-A696-41F2-AE46-A67AB2DB1561}.Release|x64.ActiveCfg = Release|x64
		{6497A5B8-A696-41F2-AE46-A67AB2DB1561}.Release|x64.Build.0 = Release|x64
		{6497A5B8-A696-41F2-AE46-A67AB2DB1561}.Release|x64.Deploy.0 = Release|x64
		{6497A5B8-A696-41F2-AE46-A67AB2DB1561}.Release|x86.ActiveCfg = Release|x86
		{6497A5B8-A696-41F2-AE46-A67AB2DB1561}.Release|x86.Build.0 = Release|x86
		{6497A5B8-A696-41F2-AE46-A67AB2DB1561}.Release|x86.Deploy.0 = Release|x86
	EndGlobalSection
	GlobalSection(SolutionProperties) = preSolution
		HideSolutionNode = FALSE
	EndGlobalSection
EndGlobal
